
Microsoft Visual Studio Solution File, Format Version 12.00
# Visual Studio Version 17
VisualStudioVersion = 17.3.32811.315
MinimumVisualStudioVersion = 10.0.40219.1
Project("{FAE04EC0-301F-11D3-BF4B-00C04F79EFBC}") = "GoblinRoller", "GoblinRoller.csproj", "{88A374EC-10F4-40D6-8006-C9BE7CD262F6}"
EndProject
Global
	GlobalSection(SolutionConfigurationPlatforms) = preSolution
		Debug|Any CPU = Debug|Any CPU
		Release|Any CPU = Release|Any CPU
	EndGlobalSection
	GlobalSection(ProjectConfigurationPlatforms) = postSolution
		{88A374EC-10F4-40D6-8006-C9BE7CD262F6}.Debug|Any CPU.ActiveCfg = Debug|Any CPU
		{88A374EC-10F4-40D6-8006-C9BE7CD262F6}.Debug|Any CPU.Build.0 = Debug|Any CPU
		{88A374EC-10F4-40D6-8006-C9BE7CD262F6}.Release|Any CPU.ActiveCfg = Release|Any CPU
		{88A374EC-10F4-40D6-8006-C9BE7CD262F6}.Release|Any CPU.Build.0 = Release|Any CPU
	EndGlobalSection
	GlobalSection(SolutionProperties) = preSolution
		HideSolutionNode = FALSE
	EndGlobalSection
	GlobalSection(ExtensibilityGlobals) = postSolution
		SolutionGuid = {DB83711F-BAFC-447C-BAA6-D253432100B2}
	EndGlobalSection
EndGlobal
